
Microsoft Visual Studio Solution File, Format Version 12.00
# Visual Studio Version 17
VisualStudioVersion = 17.3.32929.385
MinimumVisualStudioVersion = 10.0.40219.1
Project("{FAE04EC0-301F-11D3-BF4B-00C04F79EFBC}") = "GadgetStoreASPExam", "GadgetStoreASPExam\GadgetStoreASPExam.csproj", "{1269BA83-0772-442A-9C5E-13DBD6F14F5A}"
EndProject
Global
	GlobalSection(SolutionConfigurationPlatforms) = preSolution
		Debug|Any CPU = Debug|Any CPU
		Release|Any CPU = Release|Any CPU
	EndGlobalSection
	GlobalSection(ProjectConfigurationPlatforms) = postSolution
		{1269BA83-0772-442A-9C5E-13DBD6F14F5A}.Debug|Any CPU.ActiveCfg = Debug|Any CPU
		{1269BA83-0772-442A-9C5E-13DBD6F14F5A}.Debug|Any CPU.Build.0 = Debug|Any CPU
		{1269BA83-0772-442A-9C5E-13DBD6F14F5A}.Release|Any CPU.ActiveCfg = Release|Any CPU
		{1269BA83-0772-442A-9C5E-13DBD6F14F5A}.Release|Any CPU.Build.0 = Release|Any CPU
	EndGlobalSection
	GlobalSection(SolutionProperties) = preSolution
		HideSolutionNode = FALSE
	EndGlobalSection
	GlobalSection(ExtensibilityGlobals) = postSolution
		SolutionGuid = {AB36083A-B219-42C1-B862-E4991367BAB3}
	EndGlobalSection
EndGlobal
